
Microsoft Visual Studio Solution File, Format Version 12.00
# Visual Studio Version 17
VisualStudioVersion = 17.0.31903.59
MinimumVisualStudioVersion = 10.0.40219.1
Project("{FAE04EC0-301F-11D3-BF4B-00C04F79EFBC}") = "WeWantTheFunc", "WeWantTheFunc\WeWantTheFunc.csproj", "{96BA0B74-F954-470A-A302-8D52DC620626}"
EndProject
Global
	GlobalSection(SolutionConfigurationPlatforms) = preSolution
		Debug|Any CPU = Debug|Any CPU
		Release|Any CPU = Release|Any CPU
	EndGlobalSection
	GlobalSection(ProjectConfigurationPlatforms) = postSolution
		{96BA0B74-F954-470A-A302-8D52DC620626}.Debug|Any CPU.ActiveCfg = Debug|Any CPU
		{96BA0B74-F954-470A-A302-8D52DC620626}.Debug|Any CPU.Build.0 = Debug|Any CPU
		{96BA0B74-F954-470A-A302-8D52DC620626}.Release|Any CPU.ActiveCfg = Release|Any CPU
		{96BA0B74-F954-470A-A302-8D52DC620626}.Release|Any CPU.Build.0 = Release|Any CPU
	EndGlobalSection
	GlobalSection(SolutionProperties) = preSolution
		HideSolutionNode = FALSE
	EndGlobalSection
	GlobalSection(ExtensibilityGlobals) = postSolution
		SolutionGuid = {3910FB8E-B629-44FB-B960-9184FB42B515}
	EndGlobalSection
EndGlobal
